
Microsoft Visual Studio Solution File, Format Version 12.00
# Visual Studio Version 17
VisualStudioVersion = 17.0.31903.59
MinimumVisualStudioVersion = 10.0.40219.1
Project("{FAE04EC0-301F-11D3-BF4B-00C04F79EFBC}") = "PriceHunt.Api", "PriceHunt.Api\PriceHunt.Api.csproj", "{584F1832-90DD-412D-8AFB-AADB2E7B48B1}"
EndProject
Project("{FAE04EC0-301F-11D3-BF4B-00C04F79EFBC}") = "PriceHunt.Api.Tests", "PriceHunt.Api.Tests\PriceHunt.Api.Tests.csproj", "{4D445AA4-60B5-477F-9112-D2CCDEC916CD}"
EndProject
Global
	GlobalSection(SolutionConfigurationPlatforms) = preSolution
		Debug|Any CPU = Debug|Any CPU
		Debug|x64 = Debug|x64
		Debug|x86 = Debug|x86
		Release|Any CPU = Release|Any CPU
		Release|x64 = Release|x64
		Release|x86 = Release|x86
	EndGlobalSection
	GlobalSection(ProjectConfigurationPlatforms) = postSolution
		{584F1832-90DD-412D-8AFB-AADB2E7B48B1}.Debug|Any CPU.ActiveCfg = Debug|Any CPU
		{584F1832-90DD-412D-8AFB-AADB2E7B48B1}.Debug|Any CPU.Build.0 = Debug|Any CPU
		{584F1832-90DD-412D-8AFB-AADB2E7B48B1}.Debug|x64.ActiveCfg = Debug|Any CPU
		{584F1832-90DD-412D-8AFB-AADB2E7B48B1}.Debug|x64.Build.0 = Debug|Any CPU
		{584F1832-90DD-412D-8AFB-AADB2E7B48B1}.Debug|x86.ActiveCfg = Debug|Any CPU
		{584F1832-90DD-412D-8AFB-AADB2E7B48B1}.Debug|x86.Build.0 = Debug|Any CPU
		{584F1832-90DD-412D-8AFB-AADB2E7B48B1}.Release|Any CPU.ActiveCfg = Release|Any CPU
		{584F1832-90DD-412D-8AFB-AADB2E7B48B1}.Release|Any CPU.Build.0 = Release|Any CPU
		{584F1832-90DD-412D-8AFB-AADB2E7B48B1}.Release|x64.ActiveCfg = Release|Any CPU
		{584F1832-90DD-412D-8AFB-AADB2E7B48B1}.Release|x64.Build.0 = Release|Any CPU
		{584F1832-90DD-412D-8AFB-AADB2E7B48B1}.Release|x86.ActiveCfg = Release|Any CPU
		{584F1832-90DD-412D-8AFB-AADB2E7B48B1}.Release|x86.Build.0 = Release|Any CPU
		{4D445AA4-60B5-477F-9112-D2CCDEC916CD}.Debug|Any CPU.ActiveCfg = Debug|Any CPU
		{4D445AA4-60B5-477F-9112-D2CCDEC916CD}.Debug|Any CPU.Build.0 = Debug|Any CPU
		{4D445AA4-60B5-477F-9112-D2CCDEC916CD}.Debug|x64.ActiveCfg = Debug|Any CPU
		{4D445AA4-60B5-477F-9112-D2CCDEC916CD}.Debug|x64.Build.0 = Debug|Any CPU
		{4D445AA4-60B5-477F-9112-D2CCDEC916CD}.Debug|x86.ActiveCfg = Debug|Any CPU
		{4D445AA4-60B5-477F-9112-D2CCDEC916CD}.Debug|x86.Build.0 = Debug|Any CPU
		{4D445AA4-60B5-477F-9112-D2CCDEC916CD}.Release|Any CPU.ActiveCfg = Release|Any CPU
		{4D445AA4-60B5-477F-9112-D2CCDEC916CD}.Release|Any CPU.Build.0 = Release|Any CPU
		{4D445AA4-60B5-477F-9112-D2CCDEC916CD}.Release|x64.ActiveCfg = Release|Any CPU
		{4D445AA4-60B5-477F-9112-D2CCDEC916CD}.Release|x64.Build.0 = Release|Any CPU
		{4D445AA4-60B5-477F-9112-D2CCDEC916CD}.Release|x86.ActiveCfg = Release|Any CPU
		{4D445AA4-60B5-477F-9112-D2CCDEC916CD}.Release|x86.Build.0 = Release|Any CPU
	EndGlobalSection
	GlobalSection(SolutionProperties) = preSolution
		HideSolutionNode = FALSE
	EndGlobalSection
EndGlobal
